// !$*UTF8*$!
{
	archiveVersion = 1;
	classes = {
	};
	objectVersion = 50;
	objects = {

/* Begin PBXBuildFile section */
		63FADD4223FAC31000700AC8 /* AppDelegate.swift in Sources */ = {isa = PBXBuildFile; fileRef = 63FADD4123FAC31000700AC8 /* AppDelegate.swift */; };
		63FADD4423FAC31000700AC8 /* SceneDelegate.swift in Sources */ = {isa = PBXBuildFile; fileRef = 63FADD4323FAC31000700AC8 /* SceneDelegate.swift */; };
		63FADD4623FAC31000700AC8 /* ViewController.swift in Sources */ = {isa = PBXBuildFile; fileRef = 63FADD4523FAC31000700AC8 /* ViewController.swift */; };
		63FADD4923FAC31000700AC8 /* Main.storyboard in Resources */ = {isa = PBXBuildFile; fileRef = 63FADD4723FAC31000700AC8 /* Main.storyboard */; };
		63FADD4B23FAC31200700AC8 /* Assets.xcassets in Resources */ = {isa = PBXBuildFile; fileRef = 63FADD4A23FAC31200700AC8 /* Assets.xcassets */; };
		63FADD4E23FAC31200700AC8 /* LaunchScreen.storyboard in Resources */ = {isa = PBXBuildFile; fileRef = 63FADD4C23FAC31200700AC8 /* LaunchScreen.storyboard */; };
/* End PBXBuildFile section */

/* Begin PBXFileReference section */
		63FADD3E23FAC31000700AC8 /* CGAffineTransFormSample.app */ = {isa = PBXFileReference; explicitFileType = wrapper.application; includeInIndex = 0; path = CGAffineTransFormSample.app; sourceTree = BUILT_PRODUCTS_DIR; };
		63FADD4123FAC31000700AC8 /* AppDelegate.swift */ = {isa = PBXFileReference; lastKnownFileType = sourcecode.swift; path = AppDelegate.swift; sourceTree = "<group>"; };
		63FADD4323FAC31000700AC8 /* SceneDelegate.swift */ = {isa = PBXFileReference; lastKnownFileType = sourcecode.swift; path = SceneDelegate.swift; sourceTree = "<group>"; };
		63FADD4523FAC31000700AC8 /* ViewController.swift */ = {isa = PBXFileReference; lastKnownFileType = sourcecode.swift; path = ViewController.swift; sourceTree = "<group>"; };
		63FADD4823FAC31000700AC8 /* Base */ = {isa = PBXFileReference; lastKnownFileType = file.storyboard; name = Base; path = Base.lproj/Main.storyboard; sourceTree = "<group>"; };
		63FADD4A23FAC31200700AC8 /* Assets.xcassets */ = {isa = PBXFileReference; lastKnownFileType = folder.assetcatalog; path = Assets.xcassets; sourceTree = "<group>"; };
		63FADD4D23FAC31200700AC8 /* Base */ = {isa = PBXFileReference; lastKnownFileType = file.storyboard; name = Base; path = Base.lproj/LaunchScreen.storyboard; sourceTree = "<group>"; };
		63FADD4F23FAC31200700AC8 /* Info.plist */ = {isa = PBXFileReference; lastKnownFileType = text.plist.xml; path = Info.plist; sourceTree = "<group>"; };
/* End PBXFileReference section */

/* Begin PBXFrameworksBuildPhase section */
		63FADD3B23FAC31000700AC8 /* Frameworks */ = {
			isa = PBXFrameworksBuildPhase;
			buildActionMask = 2147483647;
			files = (
			);
			runOnlyForDeploymentPostprocessing = 0;
		};
/* End PBXFrameworksBuildPhase section */

/* Begin PBXGroup section */
		63FADD3523FAC31000700AC8 = {
			isa = PBXGroup;
			children = (
				63FADD4023FAC31000700AC8 /* CGAffineTransFormSample */,
				63FADD3F23FAC31000700AC8 /* Products */,
			);
			sourceTree = "<group>";
		};
		63FADD3F23FAC31000700AC8 /* Products */ = {
			isa = PBXGroup;
			children = (
				63FADD3E23FAC31000700AC8 /* CGAffineTransFormSample.app */,
			);
			name = Products;
			sourceTree = "<group>";
		};
		63FADD4023FAC31000700AC8 /* CGAffineTransFormSample */ = {
			isa = PBXGroup;
			children = (
				63FADD4123FAC31000700AC8 /* AppDelegate.swift */,
				63FADD4323FAC31000700AC8 /* SceneDelegate.swift */,
				63FADD4523FAC31000700AC8 /* ViewController.swift */,
				63FADD4723FAC31000700AC8 /* Main.storyboard */,
				63FADD4A23FAC31200700AC8 /* Assets.xcassets */,
				63FADD4C23FAC31200700AC8 /* LaunchScreen.storyboard */,
				63FADD4F23FAC31200700AC8 /* Info.plist */,
			);
			path = CGAffineTransFormSample;
			sourceTree = "<group>";
		};
/* End PBXGroup section */

/* Begin PBXNativeTarget section */
		63FADD3D23FAC31000700AC8 /* CGAffineTransFormSample */ = {
			isa = PBXNativeTarget;
			buildConfigurationList = 63FADD5223FAC31200700AC8 /* Build configuration list for PBXNativeTarget "CGAffineTransFormSample" */;
			buildPhases = (
				63FADD3A23FAC31000700AC8 /* Sources */,
				63FADD3B23FAC31000700AC8 /* Frameworks */,
				63FADD3C23FAC31000700AC8 /* Resources */,
			);
			buildRules = (
			);
			dependencies = (
			);
			name = CGAffineTransFormSample;
			productName = CGAffineTransFormSample;
			productReference = 63FADD3E23FAC31000700AC8 /* CGAffineTransFormSample.app */;
			productType = "com.apple.product-type.application";
		};
/* End PBXNativeTarget section */

/* Begin PBXProject section */
		63FADD3623FAC31000700AC8 /* Project object */ = {
			isa = PBXProject;
			attributes = {
				LastSwiftUpdateCheck = 1130;
				LastUpgradeCheck = 1130;
				ORGANIZATIONNAME = yamatootaka;
				TargetAttributes = {
					63FADD3D23FAC31000700AC8 = {
						CreatedOnToolsVersion = 11.3;
					};
				};
			};
			buildConfigurationList = 63FADD3923FAC31000700AC8 /* Build configuration list for PBXProject "CGAffineTransFormSample" */;
			compatibilityVersion = "Xcode 9.3";
			developmentRegion = en;
			hasScannedForEncodings = 0;
			knownRegions = (
				en,
				Base,
			);
			mainGroup = 63FADD3523FAC31000700AC8;
			productRefGroup = 63FADD3F23FAC31000700AC8 /* Products */;
			projectDirPath = "";
			projectRoot = "";
			targets = (
				63FADD3D23FAC31000700AC8 /* CGAffineTransFormSample */,
			);
		};
/* End PBXProject section */

/* Begin PBXResourcesBuildPhase section */
		63FADD3C23FAC31000700AC8 /* Resources */ = {
			isa = PBXResourcesBuildPhase;
			buildActionMask = 2147483647;
			files = (
				63FADD4E23FAC31200700AC8 /* LaunchScreen.storyboard in Resources */,
				63FADD4B23FAC31200700AC8 /* Assets.xcassets in Resources */,
				63FADD4923FAC31000700AC8 /* Main.storyboard in Resources */,
			);
			runOnlyForDeploymentPostprocessing = 0;
		};
/* End PBXResourcesBuildPhase section */

/* Begin PBXSourcesBuildPhase section */
		63FADD3A23FAC31000700AC8 /* Sources */ = {
			isa = PBXSourcesBuildPhase;
			buildActionMask = 2147483647;
			files = (
				63FADD4623FAC31000700AC8 /* ViewController.swift in Sources */,
				63FADD4223FAC31000700AC8 /* AppDelegate.swift in Sources */,
				63FADD4423FAC31000700AC8 /* SceneDelegate.swift in Sources */,
			);
			runOnlyForDeploymentPostprocessing = 0;
		};
/* End PBXSourcesBuildPhase section */

/* Begin PBXVariantGroup section */
		63FADD4723FAC31000700AC8 /* Main.storyboard */ = {
			isa = PBXVariantGroup;
			children = (
				63FADD4823FAC31000700AC8 /* Base */,
			);
			name = Main.storyboard;
			sourceTree = "<group>";
		};
		63FADD4C23FAC31200700AC8 /* LaunchScreen.storyboard */ = {
			isa = PBXVariantGroup;
			children = (
				63FADD4D23FAC31200700AC8 /* Base */,
			);
			name = LaunchScreen.storyboard;
			sourceTree = "<group>";
		};
/* End PBXVariantGroup section */

/* Begin XCBuildConfiguration section */
		63FADD5023FAC31200700AC8 /* Debug */ = {
			isa = XCBuildConfiguration;
			buildSettings = {
				ALWAYS_SEARCH_USER_PATHS = NO;
				CLANG_ANALYZER_NONNULL = YES;
				CLANG_ANALYZER_NUMBER_OBJECT_CONVERSION = YES_AGGRESSIVE;
				CLANG_CXX_LANGUAGE_STANDARD = "gnu++14";
				CLANG_CXX_LIBRARY = "libc++";
				CLANG_ENABLE_MODULES = YES;
				CLANG_ENABLE_OBJC_ARC = YES;
				CLANG_ENABLE_OBJC_WEAK = YES;
				CLANG_WARN_BLOCK_CAPTURE_AUTORELEASING = YES;
				CLANG_WARN_BOOL_CONVERSION = YES;
				CLANG_WARN_COMMA = YES;
				CLANG_WARN_CONSTANT_CONVERSION = YES;
				CLANG_WARN_DEPRECATED_OBJC_IMPLEMENTATIONS = YES;
				CLANG_WARN_DIRECT_OBJC_ISA_USAGE = YES_ERROR;
				CLANG_WARN_DOCUMENTATION_COMMENTS = YES;
				CLANG_WARN_EMPTY_BODY = YES;
				CLANG_WARN_ENUM_CONVERSION = YES;
				CLANG_WARN_INFINITE_RECURSION = YES;
				CLANG_WARN_INT_CONVERSION = YES;
				CLANG_WARN_NON_LITERAL_NULL_CONVERSION = YES;
				CLANG_WARN_OBJC_IMPLICIT_RETAIN_SELF = YES;
				CLANG_WARN_OBJC_LITERAL_CONVERSION = YES;
				CLANG_WARN_OBJC_ROOT_CLASS = YES_ERROR;
				CLANG_WARN_RANGE_LOOP_ANALYSIS = YES;
				CLANG_WARN_STRICT_PROTOTYPES = YES;
				CLANG_WARN_SUSPICIOUS_MOVE = YES;
				CLANG_WARN_UNGUARDED_AVAILABILITY = YES_AGGRESSIVE;
				CLANG_WARN_UNREACHABLE_CODE = YES;
				CLANG_WARN__DUPLICATE_METHOD_MATCH = YES;
				COPY_PHASE_STRIP = NO;
				DEBUG_INFORMATION_FORMAT = dwarf;
				ENABLE_STRICT_OBJC_MSGSEND = YES;
				ENABLE_TESTABILITY = YES;
				GCC_C_LANGUAGE_STANDARD = gnu11;
				GCC_DYNAMIC_NO_PIC = NO;
				GCC_NO_COMMON_BLOCKS = YES;
				GCC_OPTIMIZATION_LEVEL = 0;
				GCC_PREPROCESSOR_DEFINITIONS = (
					"DEBUG=1",
					"$(inherited)",
				);
				GCC_WARN_64_TO_32_BIT_CONVERSION = YES;
				GCC_WARN_ABOUT_RETURN_TYPE = YES_ERROR;
				GCC_WARN_UNDECLARED_SELECTOR = YES;
				GCC_WARN_UNINITIALIZED_AUTOS = YES_AGGRESSIVE;
				GCC_WARN_UNUSED_FUNCTION = YES;
				GCC_WARN_UNUSED_VARIABLE = YES;
				IPHONEOS_DEPLOYMENT_TARGET = 13.2;
				MTL_ENABLE_DEBUG_INFO = INCLUDE_SOURCE;
				MTL_FAST_MATH = YES;
				ONLY_ACTIVE_ARCH = YES;
				SDKROOT = iphoneos;
				SWIFT_ACTIVE_COMPILATION_CONDITIONS = DEBUG;
				SWIFT_OPTIMIZATION_LEVEL = "-Onone";
			};
			name = Debug;
		};
		63FADD5123FAC31200700AC8 /* Release */ = {
			isa = XCBuildConfiguration;
			buildSettings = {
				ALWAYS_SEARCH_USER_PATHS = NO;
				CLANG_ANALYZER_NONNULL = YES;
				CLANG_ANALYZER_NUMBER_OBJECT_CONVERSION = YES_AGGRESSIVE;
				CLANG_CXX_LANGUAGE_STANDARD = "gnu++14";
				CLANG_CXX_LIBRARY = "libc++";
				CLANG_ENABLE_MODULES = YES;
				CLANG_ENABLE_OBJC_ARC = YES;
				CLANG_ENABLE_OBJC_WEAK = YES;
				CLANG_WARN_BLOCK_CAPTURE_AUTORELEASING = YES;
				CLANG_WARN_BOOL_CONVERSION = YES;
				CLANG_WARN_COMMA = YES;
				CLANG_WARN_CONSTANT_CONVERSION = YES;
				CLANG_WARN_DEPRECATED_OBJC_IMPLEMENTATIONS = YES;
				CLANG_WARN_DIRECT_OBJC_ISA_USAGE = YES_ERROR;
				CLANG_WARN_DOCUMENTATION_COMMENTS = YES;
				CLANG_WARN_EMPTY_BODY = YES;
				CLANG_WARN_ENUM_CONVERSION = YES;
				CLANG_WARN_INFINITE_RECURSION = YES;
				CLANG_WARN_INT_CONVERSION = YES;
				CLANG_WARN_NON_LITERAL_NULL_CONVERSION = YES;
				CLANG_WARN_OBJC_IMPLICIT_RETAIN_SELF = YES;
				CLANG_WARN_OBJC_LITERAL_CONVERSION = YES;
				CLANG_WARN_OBJC_ROOT_CLASS = YES_ERROR;
				CLANG_WARN_RANGE_LOOP_ANALYSIS = YES;
				CLANG_WARN_STRICT_PROTOTYPES = YES;
				CLANG_WARN_SUSPICIOUS_MOVE = YES;
				CLANG_WARN_UNGUARDED_AVAILABILITY = YES_AGGRESSIVE;
				CLANG_WARN_UNREACHABLE_CODE = YES;
				CLANG_WARN__DUPLICATE_METHOD_MATCH = YES;
				COPY_PHASE_STRIP = NO;
				DEBUG_INFORMATION_FORMAT = "dwarf-with-dsym";
				ENABLE_NS_ASSERTIONS = NO;
				ENABLE_STRICT_OBJC_MSGSEND = YES;
				GCC_C_LANGUAGE_STANDARD = gnu11;
				GCC_NO_COMMON_BLOCKS = YES;
				GCC_WARN_64_TO_32_BIT_CONVERSION = YES;
				GCC_WARN_ABOUT_RETURN_TYPE = YES_ERROR;
				GCC_WARN_UNDECLARED_SELECTOR = YES;
				GCC_WARN_UNINITIALIZED_AUTOS = YES_AGGRESSIVE;
				GCC_WARN_UNUSED_FUNCTION = YES;
				GCC_WARN_UNUSED_VARIABLE = YES;
				IPHONEOS_DEPLOYMENT_TARGET = 13.2;
				MTL_ENABLE_DEBUG_INFO = NO;
				MTL_FAST_MATH = YES;
				SDKROOT = iphoneos;
				SWIFT_COMPILATION_MODE = wholemodule;
				SWIFT_OPTIMIZATION_LEVEL = "-O";
				VALIDATE_PRODUCT = YES;
			};
			name = Release;
		};
		63FADD5323FAC31200700AC8 /* Debug */ = {
			isa = XCBuildConfiguration;
			buildSettings = {
				ASSETCATALOG_COMPILER_APPICON_NAME = AppIcon;
				CODE_SIGN_IDENTITY = "Apple Development";
				CODE_SIGN_STYLE = Automatic;
				DEVELOPMENT_TEAM = XB68273K83;
				INFOPLIST_FILE = CGAffineTransFormSample/Info.plist;
				LD_RUNPATH_SEARCH_PATHS = (
					"$(inherited)",
					"@executable_path/Frameworks",
				);
				PRODUCT_BUNDLE_IDENTIFIER = "yum-fishing.CGAffineTransFormSample";
				PRODUCT_NAME = "$(TARGET_NAME)";
				PROVISIONING_PROFILE_SPECIFIER = "";
				SWIFT_VERSION = 5.0;
				TARGETED_DEVICE_FAMILY = "1,2";
			};
			name = Debug;
		};
		63FADD5423FAC31200700AC8 /* Release */ = {
			isa = XCBuildConfiguration;
			buildSettings = {
				ASSETCATALOG_COMPILER_APPICON_NAME = AppIcon;
				CODE_SIGN_IDENTITY = "Apple Development";
				CODE_SIGN_STYLE = Automatic;
				DEVELOPMENT_TEAM = XB68273K83;
				INFOPLIST_FILE = CGAffineTransFormSample/Info.plist;
				LD_RUNPATH_SEARCH_PATHS = (
					"$(inherited)",
					"@executable_path/Frameworks",
				);
				PRODUCT_BUNDLE_IDENTIFIER = "yum-fishing.CGAffineTransFormSample";
				PRODUCT_NAME = "$(TARGET_NAME)";
				PROVISIONING_PROFILE_SPECIFIER = "";
				SWIFT_VERSION = 5.0;
				TARGETED_DEVICE_FAMILY = "1,2";
			};
			name = Release;
		};
/* End XCBuildConfiguration section */

/* Begin XCConfigurationList section */
		63FADD3923FAC31000700AC8 /* Build configuration list for PBXProject "CGAffineTransFormSample" */ = {
			isa = XCConfigurationList;
			buildConfigurations = (
				63FADD5023FAC31200700AC8 /* Debug */,
				63FADD5123FAC31200700AC8 /* Release */,
			);
			defaultConfigurationIsVisible = 0;
			defaultConfigurationName = Release;
		};
		63FADD5223FAC31200700AC8 /* Build configuration list for PBXNativeTarget "CGAffineTransFormSample" */ = {
			isa = XCConfigurationList;
			buildConfigurations = (
				63FADD5323FAC31200700AC8 /* Debug */,
				63FADD5423FAC31200700AC8 /* Release */,
			);
			defaultConfigurationIsVisible = 0;
			defaultConfigurationName = Release;
		};
/* End XCConfigurationList section */
	};
	rootObject = 63FADD3623FAC31000700AC8 /* Project object */;
}
